// !$*UTF8*$!
{
	archiveVersion = 1;
	classes = {
	};
	objectVersion = 50;
	objects = {

/* Begin PBXBuildFile section */
		5101E4D321F2779B0087D6D9 /* AppDelegate.swift in Sources */ = {isa = PBXBuildFile; fileRef = 5101E4D221F2779B0087D6D9 /* AppDelegate.swift */; };
		5101E4D521F2779B0087D6D9 /* ViewController.swift in Sources */ = {isa = PBXBuildFile; fileRef = 5101E4D421F2779B0087D6D9 /* ViewController.swift */; };
		5101E4D821F2779B0087D6D9 /* Main.storyboard in Resources */ = {isa = PBXBuildFile; fileRef = 5101E4D621F2779B0087D6D9 /* Main.storyboard */; };
		5101E4DA21F2779C0087D6D9 /* Assets.xcassets in Resources */ = {isa = PBXBuildFile; fileRef = 5101E4D921F2779C0087D6D9 /* Assets.xcassets */; };
		5101E4DD21F2779C0087D6D9 /* LaunchScreen.storyboard in Resources */ = {isa = PBXBuildFile; fileRef = 5101E4DB21F2779C0087D6D9 /* LaunchScreen.storyboard */; };
		5101E4E821F2779D0087D6D9 /* OnTheMapTests.swift in Sources */ = {isa = PBXBuildFile; fileRef = 5101E4E721F2779D0087D6D9 /* OnTheMapTests.swift */; };
		5101E4F321F2779D0087D6D9 /* OnTheMapUITests.swift in Sources */ = {isa = PBXBuildFile; fileRef = 5101E4F221F2779D0087D6D9 /* OnTheMapUITests.swift */; };
/* End PBXBuildFile section */

/* Begin PBXContainerItemProxy section */
		5101E4E421F2779D0087D6D9 /* PBXContainerItemProxy */ = {
			isa = PBXContainerItemProxy;
			containerPortal = 5101E4C721F2779B0087D6D9 /* Project object */;
			proxyType = 1;
			remoteGlobalIDString = 5101E4CE21F2779B0087D6D9;
			remoteInfo = OnTheMap;
		};
		5101E4EF21F2779D0087D6D9 /* PBXContainerItemProxy */ = {
			isa = PBXContainerItemProxy;
			containerPortal = 5101E4C721F2779B0087D6D9 /* Project object */;
			proxyType = 1;
			remoteGlobalIDString = 5101E4CE21F2779B0087D6D9;
			remoteInfo = OnTheMap;
		};
/* End PBXContainerItemProxy section */

/* Begin PBXFileReference section */
		5101E4CF21F2779B0087D6D9 /* OnTheMap.app */ = {isa = PBXFileReference; explicitFileType = wrapper.application; includeInIndex = 0; path = OnTheMap.app; sourceTree = BUILT_PRODUCTS_DIR; };
		5101E4D221F2779B0087D6D9 /* AppDelegate.swift */ = {isa = PBXFileReference; lastKnownFileType = sourcecode.swift; path = AppDelegate.swift; sourceTree = "<group>"; };
		5101E4D421F2779B0087D6D9 /* ViewController.swift */ = {isa = PBXFileReference; lastKnownFileType = sourcecode.swift; path = ViewController.swift; sourceTree = "<group>"; };
		5101E4D721F2779B0087D6D9 /* Base */ = {isa = PBXFileReference; lastKnownFileType = file.storyboard; name = Base; path = Base.lproj/Main.storyboard; sourceTree = "<group>"; };
		5101E4D921F2779C0087D6D9 /* Assets.xcassets */ = {isa = PBXFileReference; lastKnownFileType = folder.assetcatalog; path = Assets.xcassets; sourceTree = "<group>"; };
		5101E4DC21F2779C0087D6D9 /* Base */ = {isa = PBXFileReference; lastKnownFileType = file.storyboard; name = Base; path = Base.lproj/LaunchScreen.storyboard; sourceTree = "<group>"; };
		5101E4DE21F2779C0087D6D9 /* Info.plist */ = {isa = PBXFileReference; lastKnownFileType = text.plist.xml; path = Info.plist; sourceTree = "<group>"; };
		5101E4E321F2779D0087D6D9 /* OnTheMapTests.xctest */ = {isa = PBXFileReference; explicitFileType = wrapper.cfbundle; includeInIndex = 0; path = OnTheMapTests.xctest; sourceTree = BUILT_PRODUCTS_DIR; };
		5101E4E721F2779D0087D6D9 /* OnTheMapTests.swift */ = {isa = PBXFileReference; lastKnownFileType = sourcecode.swift; path = OnTheMapTests.swift; sourceTree = "<group>"; };
		5101E4E921F2779D0087D6D9 /* Info.plist */ = {isa = PBXFileReference; lastKnownFileType = text.plist.xml; path = Info.plist; sourceTree = "<group>"; };
		5101E4EE21F2779D0087D6D9 /* OnTheMapUITests.xctest */ = {isa = PBXFileReference; explicitFileType = wrapper.cfbundle; includeInIndex = 0; path = OnTheMapUITests.xctest; sourceTree = BUILT_PRODUCTS_DIR; };
		5101E4F221F2779D0087D6D9 /* OnTheMapUITests.swift */ = {isa = PBXFileReference; lastKnownFileType = sourcecode.swift; path = OnTheMapUITests.swift; sourceTree = "<group>"; };
		5101E4F421F2779D0087D6D9 /* Info.plist */ = {isa = PBXFileReference; lastKnownFileType = text.plist.xml; path = Info.plist; sourceTree = "<group>"; };
/* End PBXFileReference section */

/* Begin PBXFrameworksBuildPhase section */
		5101E4CC21F2779B0087D6D9 /* Frameworks */ = {
			isa = PBXFrameworksBuildPhase;
			buildActionMask = 2147483647;
			files = (
			);
			runOnlyForDeploymentPostprocessing = 0;
		};
		5101E4E021F2779D0087D6D9 /* Frameworks */ = {
			isa = PBXFrameworksBuildPhase;
			buildActionMask = 2147483647;
			files = (
			);
			runOnlyForDeploymentPostprocessing = 0;
		};
		5101E4EB21F2779D0087D6D9 /* Frameworks */ = {
			isa = PBXFrameworksBuildPhase;
			buildActionMask = 2147483647;
			files = (
			);
			runOnlyForDeploymentPostprocessing = 0;
		};
/* End PBXFrameworksBuildPhase section */

/* Begin PBXGroup section */
		5101E4C621F2779B0087D6D9 = {
			isa = PBXGroup;
			children = (
				5101E4D121F2779B0087D6D9 /* OnTheMap */,
				5101E4E621F2779D0087D6D9 /* OnTheMapTests */,
				5101E4F121F2779D0087D6D9 /* OnTheMapUITests */,
				5101E4D021F2779B0087D6D9 /* Products */,
			);
			sourceTree = "<group>";
		};
		5101E4D021F2779B0087D6D9 /* Products */ = {
			isa = PBXGroup;
			children = (
				5101E4CF21F2779B0087D6D9 /* OnTheMap.app */,
				5101E4E321F2779D0087D6D9 /* OnTheMapTests.xctest */,
				5101E4EE21F2779D0087D6D9 /* OnTheMapUITests.xctest */,
			);
			name = Products;
			sourceTree = "<group>";
		};
		5101E4D121F2779B0087D6D9 /* OnTheMap */ = {
			isa = PBXGroup;
			children = (
				5101E4D221F2779B0087D6D9 /* AppDelegate.swift */,
				5101E4D421F2779B0087D6D9 /* ViewController.swift */,
				5101E4D621F2779B0087D6D9 /* Main.storyboard */,
				5101E4D921F2779C0087D6D9 /* Assets.xcassets */,
				5101E4DB21F2779C0087D6D9 /* LaunchScreen.storyboard */,
				5101E4DE21F2779C0087D6D9 /* Info.plist */,
			);
			path = OnTheMap;
			sourceTree = "<group>";
		};
		5101E4E621F2779D0087D6D9 /* OnTheMapTests */ = {
			isa = PBXGroup;
			children = (
				5101E4E721F2779D0087D6D9 /* OnTheMapTests.swift */,
				5101E4E921F2779D0087D6D9 /* Info.plist */,
			);
			path = OnTheMapTests;
			sourceTree = "<group>";
		};
		5101E4F121F2779D0087D6D9 /* OnTheMapUITests */ = {
			isa = PBXGroup;
			children = (
				5101E4F221F2779D0087D6D9 /* OnTheMapUITests.swift */,
				5101E4F421F2779D0087D6D9 /* Info.plist */,
			);
			path = OnTheMapUITests;
			sourceTree = "<group>";
		};
/* End PBXGroup section */

/* Begin PBXNativeTarget section */
		5101E4CE21F2779B0087D6D9 /* OnTheMap */ = {
			isa = PBXNativeTarget;
			buildConfigurationList = 5101E4F721F2779D0087D6D9 /* Build configuration list for PBXNativeTarget "OnTheMap" */;
			buildPhases = (
				5101E4CB21F2779B0087D6D9 /* Sources */,
				5101E4CC21F2779B0087D6D9 /* Frameworks */,
				5101E4CD21F2779B0087D6D9 /* Resources */,
			);
			buildRules = (
			);
			dependencies = (
			);
			name = OnTheMap;
			productName = OnTheMap;
			productReference = 5101E4CF21F2779B0087D6D9 /* OnTheMap.app */;
			productType = "com.apple.product-type.application";
		};
		5101E4E221F2779D0087D6D9 /* OnTheMapTests */ = {
			isa = PBXNativeTarget;
			buildConfigurationList = 5101E4FA21F2779D0087D6D9 /* Build configuration list for PBXNativeTarget "OnTheMapTests" */;
			buildPhases = (
				5101E4DF21F2779D0087D6D9 /* Sources */,
				5101E4E021F2779D0087D6D9 /* Frameworks */,
				5101E4E121F2779D0087D6D9 /* Resources */,
			);
			buildRules = (
			);
			dependencies = (
				5101E4E521F2779D0087D6D9 /* PBXTargetDependency */,
			);
			name = OnTheMapTests;
			productName = OnTheMapTests;
			productReference = 5101E4E321F2779D0087D6D9 /* OnTheMapTests.xctest */;
			productType = "com.apple.product-type.bundle.unit-test";
		};
		5101E4ED21F2779D0087D6D9 /* OnTheMapUITests */ = {
			isa = PBXNativeTarget;
			buildConfigurationList = 5101E4FD21F2779D0087D6D9 /* Build configuration list for PBXNativeTarget "OnTheMapUITests" */;
			buildPhases = (
				5101E4EA21F2779D0087D6D9 /* Sources */,
				5101E4EB21F2779D0087D6D9 /* Frameworks */,
				5101E4EC21F2779D0087D6D9 /* Resources */,
			);
			buildRules = (
			);
			dependencies = (
				5101E4F021F2779D0087D6D9 /* PBXTargetDependency */,
			);
			name = OnTheMapUITests;
			productName = OnTheMapUITests;
			productReference = 5101E4EE21F2779D0087D6D9 /* OnTheMapUITests.xctest */;
			productType = "com.apple.product-type.bundle.ui-testing";
		};
/* End PBXNativeTarget section */

/* Begin PBXProject section */
		5101E4C721F2779B0087D6D9 /* Project object */ = {
			isa = PBXProject;
			attributes = {
				LastSwiftUpdateCheck = 1010;
				LastUpgradeCheck = 1010;
				ORGANIZATIONNAME = khawlah;
				TargetAttributes = {
					5101E4CE21F2779B0087D6D9 = {
						CreatedOnToolsVersion = 10.1;
					};
					5101E4E221F2779D0087D6D9 = {
						CreatedOnToolsVersion = 10.1;
						TestTargetID = 5101E4CE21F2779B0087D6D9;
					};
					5101E4ED21F2779D0087D6D9 = {
						CreatedOnToolsVersion = 10.1;
						TestTargetID = 5101E4CE21F2779B0087D6D9;
					};
				};
			};
			buildConfigurationList = 5101E4CA21F2779B0087D6D9 /* Build configuration list for PBXProject "OnTheMap" */;
			compatibilityVersion = "Xcode 9.3";
			developmentRegion = en;
			hasScannedForEncodings = 0;
			knownRegions = (
				en,
				Base,
			);
			mainGroup = 5101E4C621F2779B0087D6D9;
			productRefGroup = 5101E4D021F2779B0087D6D9 /* Products */;
			projectDirPath = "";
			projectRoot = "";
			targets = (
				5101E4CE21F2779B0087D6D9 /* OnTheMap */,
				5101E4E221F2779D0087D6D9 /* OnTheMapTests */,
				5101E4ED21F2779D0087D6D9 /* OnTheMapUITests */,
			);
		};
/* End PBXProject section */

/* Begin PBXResourcesBuildPhase section */
		5101E4CD21F2779B0087D6D9 /* Resources */ = {
			isa = PBXResourcesBuildPhase;
			buildActionMask = 2147483647;
			files = (
				5101E4DD21F2779C0087D6D9 /* LaunchScreen.storyboard in Resources */,
				5101E4DA21F2779C0087D6D9 /* Assets.xcassets in Resources */,
				5101E4D821F2779B0087D6D9 /* Main.storyboard in Resources */,
			);
			runOnlyForDeploymentPostprocessing = 0;
		};
		5101E4E121F2779D0087D6D9 /* Resources */ = {
			isa = PBXResourcesBuildPhase;
			buildActionMask = 2147483647;
			files = (
			);
			runOnlyForDeploymentPostprocessing = 0;
		};
		5101E4EC21F2779D0087D6D9 /* Resources */ = {
			isa = PBXResourcesBuildPhase;
			buildActionMask = 2147483647;
			files = (
			);
			runOnlyForDeploymentPostprocessing = 0;
		};
/* End PBXResourcesBuildPhase section */

/* Begin PBXSourcesBuildPhase section */
		5101E4CB21F2779B0087D6D9 /* Sources */ = {
			isa = PBXSourcesBuildPhase;
			buildActionMask = 2147483647;
			files = (
				5101E4D521F2779B0087D6D9 /* ViewController.swift in Sources */,
				5101E4D321F2779B0087D6D9 /* AppDelegate.swift in Sources */,
			);
			runOnlyForDeploymentPostprocessing = 0;
		};
		5101E4DF21F2779D0087D6D9 /* Sources */ = {
			isa = PBXSourcesBuildPhase;
			buildActionMask = 2147483647;
			files = (
				5101E4E821F2779D0087D6D9 /* OnTheMapTests.swift in Sources */,
			);
			runOnlyForDeploymentPostprocessing = 0;
		};
		5101E4EA21F2779D0087D6D9 /* Sources */ = {
			isa = PBXSourcesBuildPhase;
			buildActionMask = 2147483647;
			files = (
				5101E4F321F2779D0087D6D9 /* OnTheMapUITests.swift in Sources */,
			);
			runOnlyForDeploymentPostprocessing = 0;
		};
/* End PBXSourcesBuildPhase section */

/* Begin PBXTargetDependency section */
		5101E4E521F2779D0087D6D9 /* PBXTargetDependency */ = {
			isa = PBXTargetDependency;
			target = 5101E4CE21F2779B0087D6D9 /* OnTheMap */;
			targetProxy = 5101E4E421F2779D0087D6D9 /* PBXContainerItemProxy */;
		};
		5101E4F021F2779D0087D6D9 /* PBXTargetDependency */ = {
			isa = PBXTargetDependency;
			target = 5101E4CE21F2779B0087D6D9 /* OnTheMap */;
			targetProxy = 5101E4EF21F2779D0087D6D9 /* PBXContainerItemProxy */;
		};
/* End PBXTargetDependency section */

/* Begin PBXVariantGroup section */
		5101E4D621F2779B0087D6D9 /* Main.storyboard */ = {
			isa = PBXVariantGroup;
			children = (
				5101E4D721F2779B0087D6D9 /* Base */,
			);
			name = Main.storyboard;
			sourceTree = "<group>";
		};
		5101E4DB21F2779C0087D6D9 /* LaunchScreen.storyboard */ = {
			isa = PBXVariantGroup;
			children = (
				5101E4DC21F2779C0087D6D9 /* Base */,
			);
			name = LaunchScreen.storyboard;
			sourceTree = "<group>";
		};
/* End PBXVariantGroup section */

/* Begin XCBuildConfiguration section */
		5101E4F521F2779D0087D6D9 /* Debug */ = {
			isa = XCBuildConfiguration;
			buildSettings = {
				ALWAYS_SEARCH_USER_PATHS = NO;
				CLANG_ANALYZER_NONNULL = YES;
				CLANG_ANALYZER_NUMBER_OBJECT_CONVERSION = YES_AGGRESSIVE;
				CLANG_CXX_LANGUAGE_STANDARD = "gnu++14";
				CLANG_CXX_LIBRARY = "libc++";
				CLANG_ENABLE_MODULES = YES;
				CLANG_ENABLE_OBJC_ARC = YES;
				CLANG_ENABLE_OBJC_WEAK = YES;
				CLANG_WARN_BLOCK_CAPTURE_AUTORELEASING = YES;
				CLANG_WARN_BOOL_CONVERSION = YES;
				CLANG_WARN_COMMA = YES;
				CLANG_WARN_CONSTANT_CONVERSION = YES;
				CLANG_WARN_DEPRECATED_OBJC_IMPLEMENTATIONS = YES;
				CLANG_WARN_DIRECT_OBJC_ISA_USAGE = YES_ERROR;
				CLANG_WARN_DOCUMENTATION_COMMENTS = YES;
				CLANG_WARN_EMPTY_BODY = YES;
				CLANG_WARN_ENUM_CONVERSION = YES;
				CLANG_WARN_INFINITE_RECURSION = YES;
				CLANG_WARN_INT_CONVERSION = YES;
				CLANG_WARN_NON_LITERAL_NULL_CONVERSION = YES;
				CLANG_WARN_OBJC_IMPLICIT_RETAIN_SELF = YES;
				CLANG_WARN_OBJC_LITERAL_CONVERSION = YES;
				CLANG_WARN_OBJC_ROOT_CLASS = YES_ERROR;
				CLANG_WARN_RANGE_LOOP_ANALYSIS = YES;
				CLANG_WARN_STRICT_PROTOTYPES = YES;
				CLANG_WARN_SUSPICIOUS_MOVE = YES;
				CLANG_WARN_UNGUARDED_AVAILABILITY = YES_AGGRESSIVE;
				CLANG_WARN_UNREACHABLE_CODE = YES;
				CLANG_WARN__DUPLICATE_METHOD_MATCH = YES;
				CODE_SIGN_IDENTITY = "iPhone Developer";
				COPY_PHASE_STRIP = NO;
				DEBUG_INFORMATION_FORMAT = dwarf;
				ENABLE_STRICT_OBJC_MSGSEND = YES;
				ENABLE_TESTABILITY = YES;
				GCC_C_LANGUAGE_STANDARD = gnu11;
				GCC_DYNAMIC_NO_PIC = NO;
				GCC_NO_COMMON_BLOCKS = YES;
				GCC_OPTIMIZATION_LEVEL = 0;
				GCC_PREPROCESSOR_DEFINITIONS = (
					"DEBUG=1",
					"$(inherited)",
				);
				GCC_WARN_64_TO_32_BIT_CONVERSION = YES;
				GCC_WARN_ABOUT_RETURN_TYPE = YES_ERROR;
				GCC_WARN_UNDECLARED_SELECTOR = YES;
				GCC_WARN_UNINITIALIZED_AUTOS = YES_AGGRESSIVE;
				GCC_WARN_UNUSED_FUNCTION = YES;
				GCC_WARN_UNUSED_VARIABLE = YES;
				IPHONEOS_DEPLOYMENT_TARGET = 12.1;
				MTL_ENABLE_DEBUG_INFO = INCLUDE_SOURCE;
				MTL_FAST_MATH = YES;
				ONLY_ACTIVE_ARCH = YES;
				SDKROOT = iphoneos;
				SWIFT_ACTIVE_COMPILATION_CONDITIONS = DEBUG;
				SWIFT_OPTIMIZATION_LEVEL = "-Onone";
			};
			name = Debug;
		};
		5101E4F621F2779D0087D6D9 /* Release */ = {
			isa = XCBuildConfiguration;
			buildSettings = {
				ALWAYS_SEARCH_USER_PATHS = NO;
				CLANG_ANALYZER_NONNULL = YES;
				CLANG_ANALYZER_NUMBER_OBJECT_CONVERSION = YES_AGGRESSIVE;
				CLANG_CXX_LANGUAGE_STANDARD = "gnu++14";
				CLANG_CXX_LIBRARY = "libc++";
				CLANG_ENABLE_MODULES = YES;
				CLANG_ENABLE_OBJC_ARC = YES;
				CLANG_ENABLE_OBJC_WEAK = YES;
				CLANG_WARN_BLOCK_CAPTURE_AUTORELEASING = YES;
				CLANG_WARN_BOOL_CONVERSION = YES;
				CLANG_WARN_COMMA = YES;
				CLANG_WARN_CONSTANT_CONVERSION = YES;
				CLANG_WARN_DEPRECATED_OBJC_IMPLEMENTATIONS = YES;
				CLANG_WARN_DIRECT_OBJC_ISA_USAGE = YES_ERROR;
				CLANG_WARN_DOCUMENTATION_COMMENTS = YES;
				CLANG_WARN_EMPTY_BODY = YES;
				CLANG_WARN_ENUM_CONVERSION = YES;
				CLANG_WARN_INFINITE_RECURSION = YES;
				CLANG_WARN_INT_CONVERSION = YES;
				CLANG_WARN_NON_LITERAL_NULL_CONVERSION = YES;
				CLANG_WARN_OBJC_IMPLICIT_RETAIN_SELF = YES;
				CLANG_WARN_OBJC_LITERAL_CONVERSION = YES;
				CLANG_WARN_OBJC_ROOT_CLASS = YES_ERROR;
				CLANG_WARN_RANGE_LOOP_ANALYSIS = YES;
				CLANG_WARN_STRICT_PROTOTYPES = YES;
				CLANG_WARN_SUSPICIOUS_MOVE = YES;
				CLANG_WARN_UNGUARDED_AVAILABILITY = YES_AGGRESSIVE;
				CLANG_WARN_UNREACHABLE_CODE = YES;
				CLANG_WARN__DUPLICATE_METHOD_MATCH = YES;
				CODE_SIGN_IDENTITY = "iPhone Developer";
				COPY_PHASE_STRIP = NO;
				DEBUG_INFORMATION_FORMAT = "dwarf-with-dsym";
				ENABLE_NS_ASSERTIONS = NO;
				ENABLE_STRICT_OBJC_MSGSEND = YES;
				GCC_C_LANGUAGE_STANDARD = gnu11;
				GCC_NO_COMMON_BLOCKS = YES;
				GCC_WARN_64_TO_32_BIT_CONVERSION = YES;
				GCC_WARN_ABOUT_RETURN_TYPE = YES_ERROR;
				GCC_WARN_UNDECLARED_SELECTOR = YES;
				GCC_WARN_UNINITIALIZED_AUTOS = YES_AGGRESSIVE;
				GCC_WARN_UNUSED_FUNCTION = YES;
				GCC_WARN_UNUSED_VARIABLE = YES;
				IPHONEOS_DEPLOYMENT_TARGET = 12.1;
				MTL_ENABLE_DEBUG_INFO = NO;
				MTL_FAST_MATH = YES;
				SDKROOT = iphoneos;
				SWIFT_COMPILATION_MODE = wholemodule;
				SWIFT_OPTIMIZATION_LEVEL = "-O";
				VALIDATE_PRODUCT = YES;
			};
			name = Release;
		};
		5101E4F821F2779D0087D6D9 /* Debug */ = {
			isa = XCBuildConfiguration;
			buildSettings = {
				ASSETCATALOG_COMPILER_APPICON_NAME = AppIcon;
				CODE_SIGN_STYLE = Automatic;
				DEVELOPMENT_TEAM = 7GQ8KB4YXW;
				INFOPLIST_FILE = OnTheMap/Info.plist;
				LD_RUNPATH_SEARCH_PATHS = (
					"$(inherited)",
					"@executable_path/Frameworks",
				);
				PRODUCT_BUNDLE_IDENTIFIER = khawlah.OnTheMap;
				PRODUCT_NAME = "$(TARGET_NAME)";
				SWIFT_VERSION = 4.2;
				TARGETED_DEVICE_FAMILY = "1,2";
			};
			name = Debug;
		};
		5101E4F921F2779D0087D6D9 /* Release */ = {
			isa = XCBuildConfiguration;
			buildSettings = {
				ASSETCATALOG_COMPILER_APPICON_NAME = AppIcon;
				CODE_SIGN_STYLE = Automatic;
				DEVELOPMENT_TEAM = 7GQ8KB4YXW;
				INFOPLIST_FILE = OnTheMap/Info.plist;
				LD_RUNPATH_SEARCH_PATHS = (
					"$(inherited)",
					"@executable_path/Frameworks",
				);
				PRODUCT_BUNDLE_IDENTIFIER = khawlah.OnTheMap;
				PRODUCT_NAME = "$(TARGET_NAME)";
				SWIFT_VERSION = 4.2;
				TARGETED_DEVICE_FAMILY = "1,2";
			};
			name = Release;
		};
		5101E4FB21F2779D0087D6D9 /* Debug */ = {
			isa = XCBuildConfiguration;
			buildSettings = {
				ALWAYS_EMBED_SWIFT_STANDARD_LIBRARIES = YES;
				BUNDLE_LOADER = "$(TEST_HOST)";
				CODE_SIGN_STYLE = Automatic;
				DEVELOPMENT_TEAM = 7GQ8KB4YXW;
				INFOPLIST_FILE = OnTheMapTests/Info.plist;
				LD_RUNPATH_SEARCH_PATHS = (
					"$(inherited)",
					"@executable_path/Frameworks",
					"@loader_path/Frameworks",
				);
				PRODUCT_BUNDLE_IDENTIFIER = khawlah.OnTheMapTests;
				PRODUCT_NAME = "$(TARGET_NAME)";
				SWIFT_VERSION = 4.2;
				TARGETED_DEVICE_FAMILY = "1,2";
				TEST_HOST = "$(BUILT_PRODUCTS_DIR)/OnTheMap.app/OnTheMap";
			};
			name = Debug;
		};
		5101E4FC21F2779D0087D6D9 /* Release */ = {
			isa = XCBuildConfiguration;
			buildSettings = {
				ALWAYS_EMBED_SWIFT_STANDARD_LIBRARIES = YES;
				BUNDLE_LOADER = "$(TEST_HOST)";
				CODE_SIGN_STYLE = Automatic;
				DEVELOPMENT_TEAM = 7GQ8KB4YXW;
				INFOPLIST_FILE = OnTheMapTests/Info.plist;
				LD_RUNPATH_SEARCH_PATHS = (
					"$(inherited)",
					"@executable_path/Frameworks",
					"@loader_path/Frameworks",
				);
				PRODUCT_BUNDLE_IDENTIFIER = khawlah.OnTheMapTests;
				PRODUCT_NAME = "$(TARGET_NAME)";
				SWIFT_VERSION = 4.2;
				TARGETED_DEVICE_FAMILY = "1,2";
				TEST_HOST = "$(BUILT_PRODUCTS_DIR)/OnTheMap.app/OnTheMap";
			};
			name = Release;
		};
		5101E4FE21F2779D0087D6D9 /* Debug */ = {
			isa = XCBuildConfiguration;
			buildSettings = {
				ALWAYS_EMBED_SWIFT_STANDARD_LIBRARIES = YES;
				CODE_SIGN_STYLE = Automatic;
				DEVELOPMENT_TEAM = 7GQ8KB4YXW;
				INFOPLIST_FILE = OnTheMapUITests/Info.plist;
				LD_RUNPATH_SEARCH_PATHS = (
					"$(inherited)",
					"@executable_path/Frameworks",
					"@loader_path/Frameworks",
				);
				PRODUCT_BUNDLE_IDENTIFIER = khawlah.OnTheMapUITests;
				PRODUCT_NAME = "$(TARGET_NAME)";
				SWIFT_VERSION = 4.2;
				TARGETED_DEVICE_FAMILY = "1,2";
				TEST_TARGET_NAME = OnTheMap;
			};
			name = Debug;
		};
		5101E4FF21F2779D0087D6D9 /* Release */ = {
			isa = XCBuildConfiguration;
			buildSettings = {
				ALWAYS_EMBED_SWIFT_STANDARD_LIBRARIES = YES;
				CODE_SIGN_STYLE = Automatic;
				DEVELOPMENT_TEAM = 7GQ8KB4YXW;
				INFOPLIST_FILE = OnTheMapUITests/Info.plist;
				LD_RUNPATH_SEARCH_PATHS = (
					"$(inherited)",
					"@executable_path/Frameworks",
					"@loader_path/Frameworks",
				);
				PRODUCT_BUNDLE_IDENTIFIER = khawlah.OnTheMapUITests;
				PRODUCT_NAME = "$(TARGET_NAME)";
				SWIFT_VERSION = 4.2;
				TARGETED_DEVICE_FAMILY = "1,2";
				TEST_TARGET_NAME = OnTheMap;
			};
			name = Release;
		};
/* End XCBuildConfiguration section */

/* Begin XCConfigurationList section */
		5101E4CA21F2779B0087D6D9 /* Build configuration list for PBXProject "OnTheMap" */ = {
			isa = XCConfigurationList;
			buildConfigurations = (
				5101E4F521F2779D0087D6D9 /* Debug */,
				5101E4F621F2779D0087D6D9 /* Release */,
			);
			defaultConfigurationIsVisible = 0;
			defaultConfigurationName = Release;
		};
		5101E4F721F2779D0087D6D9 /* Build configuration list for PBXNativeTarget "OnTheMap" */ = {
			isa = XCConfigurationList;
			buildConfigurations = (
				5101E4F821F2779D0087D6D9 /* Debug */,
				5101E4F921F2779D0087D6D9 /* Release */,
			);
			defaultConfigurationIsVisible = 0;
			defaultConfigurationName = Release;
		};
		5101E4FA21F2779D0087D6D9 /* Build configuration list for PBXNativeTarget "OnTheMapTests" */ = {
			isa = XCConfigurationList;
			buildConfigurations = (
				5101E4FB21F2779D0087D6D9 /* Debug */,
				5101E4FC21F2779D0087D6D9 /* Release */,
			);
			defaultConfigurationIsVisible = 0;
			defaultConfigurationName = Release;
		};
		5101E4FD21F2779D0087D6D9 /* Build configuration list for PBXNativeTarget "OnTheMapUITests" */ = {
			isa = XCConfigurationList;
			buildConfigurations = (
				5101E4FE21F2779D0087D6D9 /* Debug */,
				5101E4FF21F2779D0087D6D9 /* Release */,
			);
			defaultConfigurationIsVisible = 0;
			defaultConfigurationName = Release;
		};
/* End XCConfigurationList section */
	};
	rootObject = 5101E4C721F2779B0087D6D9 /* Project object */;
}
